// !$*UTF8*$!
{
	archiveVersion = 1;
	classes = {
	};
	objectVersion = 42;
	objects = {

/* Begin PBXAggregateTarget section */
		06890AB00C1B740D00459BF9 /* UniverseCore */ = {
			isa = PBXAggregateTarget;
			buildConfigurationList = 06890AB10C1B742E00459BF9 /* Build configuration list for PBXAggregateTarget "UniverseCore" */;
			buildPhases = (
			);
			dependencies = (
				06890AB50C1B743400459BF9 /* PBXTargetDependency */,
			);
			name = UniverseCore;
			productName = UniverseCore;
		};
/* End PBXAggregateTarget section */

/* Begin PBXBuildFile section */
		06890AB60C1B746700459BF9 /* libUniverseCore.a in Frameworks */ = {isa = PBXBuildFile; fileRef = 06890AAA0C1B73F600459BF9 /* libUniverseCore.a */; };
		8DD76FAC0486AB0100D96B5E /* main.c in Sources */ = {isa = PBXBuildFile; fileRef = 08FB7796FE84155DC02AAC07 /* main.c */; settings = {ATTRIBUTES = (); }; };
/* End PBXBuildFile section */

/* Begin PBXContainerItemProxy section */
		063FD8610C1B779D00D67784 /* PBXContainerItemProxy */ = {
			isa = PBXContainerItemProxy;
			containerPortal = 08FB7793FE84155DC02AAC07 /* Project object */;
			proxyType = 1;
			remoteGlobalIDString = 06890AB00C1B740D00459BF9;
			remoteInfo = UniverseCore;
		};
		06890AA90C1B73F600459BF9 /* PBXContainerItemProxy */ = {
			isa = PBXContainerItemProxy;
			containerPortal = 06890AA40C1B73F600459BF9 /* UniverseCore.xcodeproj */;
			proxyType = 2;
			remoteGlobalIDString = D2AAC046055464E500DB518D;
			remoteInfo = UniverseCore;
		};
		06890AAB0C1B73F600459BF9 /* PBXContainerItemProxy */ = {
			isa = PBXContainerItemProxy;
			containerPortal = 06890AA40C1B73F600459BF9 /* UniverseCore.xcodeproj */;
			proxyType = 2;
			remoteGlobalIDString = 064517970C19F4CB00AB05DF;
			remoteInfo = UniverseCoreDynamic;
		};
		06890AB40C1B743400459BF9 /* PBXContainerItemProxy */ = {
			isa = PBXContainerItemProxy;
			containerPortal = 06890AA40C1B73F600459BF9 /* UniverseCore.xcodeproj */;
			proxyType = 1;
			remoteGlobalIDString = D2AAC045055464E500DB518D;
			remoteInfo = UniverseCore;
		};
/* End PBXContainerItemProxy section */

/* Begin PBXCopyFilesBuildPhase section */
		8DD76FAF0486AB0100D96B5E /* CopyFiles */ = {
			isa = PBXCopyFilesBuildPhase;
			buildActionMask = 8;
			dstPath = /usr/share/man/man1/;
			dstSubfolderSpec = 0;
			files = (
			);
			runOnlyForDeploymentPostprocessing = 1;
		};
/* End PBXCopyFilesBuildPhase section */

/* Begin PBXFileReference section */
		06890AA40C1B73F600459BF9 /* UniverseCore.xcodeproj */ = {isa = PBXFileReference; lastKnownFileType = "wrapper.pb-project"; name = UniverseCore.xcodeproj; path = ../../../UniverseCore.xcodeproj; sourceTree = SOURCE_ROOT; };
		08FB7796FE84155DC02AAC07 /* main.c */ = {isa = PBXFileReference; fileEncoding = 4; lastKnownFileType = sourcecode.c.c; path = main.c; sourceTree = "<group>"; };
		8DD76FB20486AB0100D96B5E /* unicodetester */ = {isa = PBXFileReference; explicitFileType = "compiled.mach-o.executable"; includeInIndex = 0; path = unicodetester; sourceTree = BUILT_PRODUCTS_DIR; };
/* End PBXFileReference section */

/* Begin PBXFrameworksBuildPhase section */
		8DD76FAD0486AB0100D96B5E /* Frameworks */ = {
			isa = PBXFrameworksBuildPhase;
			buildActionMask = 2147483647;
			files = (
				06890AB60C1B746700459BF9 /* libUniverseCore.a in Frameworks */,
			);
			runOnlyForDeploymentPostprocessing = 0;
		};
/* End PBXFrameworksBuildPhase section */

/* Begin PBXGroup section */
		06890AA50C1B73F600459BF9 /* Products */ = {
			isa = PBXGroup;
			children = (
				06890AAA0C1B73F600459BF9 /* libUniverseCore.a */,
				06890AAC0C1B73F600459BF9 /* libUniverseCoreDynamic.dylib */,
			);
			name = Products;
			sourceTree = "<group>";
		};
		08FB7794FE84155DC02AAC07 /* unicodetester */ = {
			isa = PBXGroup;
			children = (
				06890AA40C1B73F600459BF9 /* UniverseCore.xcodeproj */,
				08FB7795FE84155DC02AAC07 /* Source */,
				C6A0FF2B0290797F04C91782 /* Documentation */,
				1AB674ADFE9D54B511CA2CBB /* Products */,
			);
			name = unicodetester;
			sourceTree = "<group>";
		};
		08FB7795FE84155DC02AAC07 /* Source */ = {
			isa = PBXGroup;
			children = (
				08FB7796FE84155DC02AAC07 /* main.c */,
			);
			name = Source;
			sourceTree = "<group>";
		};
		1AB674ADFE9D54B511CA2CBB /* Products */ = {
			isa = PBXGroup;
			children = (
				8DD76FB20486AB0100D96B5E /* unicodetester */,
			);
			name = Products;
			sourceTree = "<group>";
		};
		C6A0FF2B0290797F04C91782 /* Documentation */ = {
			isa = PBXGroup;
			children = (
			);
			name = Documentation;
			sourceTree = "<group>";
		};
/* End PBXGroup section */

/* Begin PBXNativeTarget section */
		8DD76FA90486AB0100D96B5E /* unicodetester */ = {
			isa = PBXNativeTarget;
			buildConfigurationList = 1DEB928508733DD80010E9CD /* Build configuration list for PBXNativeTarget "unicodetester" */;
			buildPhases = (
				8DD76FAB0486AB0100D96B5E /* Sources */,
				8DD76FAD0486AB0100D96B5E /* Frameworks */,
				8DD76FAF0486AB0100D96B5E /* CopyFiles */,
			);
			buildRules = (
			);
			dependencies = (
				063FD8620C1B779D00D67784 /* PBXTargetDependency */,
			);
			name = unicodetester;
			productInstallPath = "$(HOME)/bin";
			productName = unicodetester;
			productReference = 8DD76FB20486AB0100D96B5E /* unicodetester */;
			productType = "com.apple.product-type.tool";
		};
/* End PBXNativeTarget section */

/* Begin PBXProject section */
		08FB7793FE84155DC02AAC07 /* Project object */ = {
			isa = PBXProject;
			buildConfigurationList = 1DEB928908733DD80010E9CD /* Build configuration list for PBXProject "unicodetester" */;
			hasScannedForEncodings = 1;
			mainGroup = 08FB7794FE84155DC02AAC07 /* unicodetester */;
			projectDirPath = "";
			projectReferences = (
				{
					ProductGroup = 06890AA50C1B73F600459BF9 /* Products */;
					ProjectRef = 06890AA40C1B73F600459BF9 /* UniverseCore.xcodeproj */;
				},
			);
			targets = (
				8DD76FA90486AB0100D96B5E /* unicodetester */,
				06890AB00C1B740D00459BF9 /* UniverseCore */,
			);
		};
/* End PBXProject section */

/* Begin PBXReferenceProxy section */
		06890AAA0C1B73F600459BF9 /* libUniverseCore.a */ = {
			isa = PBXReferenceProxy;
			fileType = archive.ar;
			path = libUniverseCore.a;
			remoteRef = 06890AA90C1B73F600459BF9 /* PBXContainerItemProxy */;
			sourceTree = BUILT_PRODUCTS_DIR;
		};
		06890AAC0C1B73F600459BF9 /* libUniverseCoreDynamic.dylib */ = {
			isa = PBXReferenceProxy;
			fileType = "compiled.mach-o.dylib";
			path = libUniverseCoreDynamic.dylib;
			remoteRef = 06890AAB0C1B73F600459BF9 /* PBXContainerItemProxy */;
			sourceTree = BUILT_PRODUCTS_DIR;
		};
/* End PBXReferenceProxy section */

/* Begin PBXSourcesBuildPhase section */
		8DD76FAB0486AB0100D96B5E /* Sources */ = {
			isa = PBXSourcesBuildPhase;
			buildActionMask = 2147483647;
			files = (
				8DD76FAC0486AB0100D96B5E /* main.c in Sources */,
			);
			runOnlyForDeploymentPostprocessing = 0;
		};
/* End PBXSourcesBuildPhase section */

/* Begin PBXTargetDependency section */
		063FD8620C1B779D00D67784 /* PBXTargetDependency */ = {
			isa = PBXTargetDependency;
			target = 06890AB00C1B740D00459BF9 /* UniverseCore */;
			targetProxy = 063FD8610C1B779D00D67784 /* PBXContainerItemProxy */;
		};
		06890AB50C1B743400459BF9 /* PBXTargetDependency */ = {
			isa = PBXTargetDependency;
			name = UniverseCore;
			targetProxy = 06890AB40C1B743400459BF9 /* PBXContainerItemProxy */;
		};
/* End PBXTargetDependency section */

/* Begin XCBuildConfiguration section */
		06890AB20C1B742E00459BF9 /* Debug */ = {
			isa = XCBuildConfiguration;
			buildSettings = {
				COPY_PHASE_STRIP = NO;
				GCC_DYNAMIC_NO_PIC = NO;
				GCC_GENERATE_DEBUGGING_SYMBOLS = YES;
				GCC_OPTIMIZATION_LEVEL = 0;
				PRODUCT_NAME = UniverseCore;
			};
			name = Debug;
		};
		06890AB30C1B742E00459BF9 /* Release */ = {
			isa = XCBuildConfiguration;
			buildSettings = {
				COPY_PHASE_STRIP = YES;
				GCC_ENABLE_FIX_AND_CONTINUE = NO;
				GCC_GENERATE_DEBUGGING_SYMBOLS = NO;
				PRODUCT_NAME = UniverseCore;
				ZERO_LINK = NO;
			};
			name = Release;
		};
		1DEB928608733DD80010E9CD /* Debug */ = {
			isa = XCBuildConfiguration;
			buildSettings = {
				COPY_PHASE_STRIP = NO;
				GCC_DYNAMIC_NO_PIC = NO;
				GCC_ENABLE_FIX_AND_CONTINUE = YES;
				GCC_MODEL_TUNING = G5;
				GCC_OPTIMIZATION_LEVEL = 0;
				INSTALL_PATH = "$(HOME)/bin";
				PRODUCT_NAME = unicodetester;
				ZERO_LINK = YES;
			};
			name = Debug;
		};
		1DEB928708733DD80010E9CD /* Release */ = {
			isa = XCBuildConfiguration;
			buildSettings = {
				ARCHS = (
					ppc,
					i386,
				);
				GCC_GENERATE_DEBUGGING_SYMBOLS = NO;
				GCC_MODEL_TUNING = G5;
				INSTALL_PATH = "$(HOME)/bin";
				PRODUCT_NAME = unicodetester;
			};
			name = Release;
		};
		1DEB928A08733DD80010E9CD /* Debug */ = {
			isa = XCBuildConfiguration;
			buildSettings = {
				GCC_WARN_ABOUT_RETURN_TYPE = YES;
				GCC_WARN_UNUSED_VARIABLE = YES;
				PREBINDING = NO;
				SDKROOT = /Developer/SDKs/MacOSX10.4u.sdk;
				USER_HEADER_SEARCH_PATHS = "../../..//** $(inherited)";
			};
			name = Debug;
		};
		1DEB928B08733DD80010E9CD /* Release */ = {
			isa = XCBuildConfiguration;
			buildSettings = {
				GCC_WARN_ABOUT_RETURN_TYPE = YES;
				GCC_WARN_UNUSED_VARIABLE = YES;
				PREBINDING = NO;
				SDKROOT = /Developer/SDKs/MacOSX10.4u.sdk;
				USER_HEADER_SEARCH_PATHS = "../../..//** $(inherited)";
			};
			name = Release;
		};
/* End XCBuildConfiguration section */

/* Begin XCConfigurationList section */
		06890AB10C1B742E00459BF9 /* Build configuration list for PBXAggregateTarget "UniverseCore" */ = {
			isa = XCConfigurationList;
			buildConfigurations = (
				06890AB20C1B742E00459BF9 /* Debug */,
				06890AB30C1B742E00459BF9 /* Release */,
			);
			defaultConfigurationIsVisible = 0;
			defaultConfigurationName = Release;
		};
		1DEB928508733DD80010E9CD /* Build configuration list for PBXNativeTarget "unicodetester" */ = {
			isa = XCConfigurationList;
			buildConfigurations = (
				1DEB928608733DD80010E9CD /* Debug */,
				1DEB928708733DD80010E9CD /* Release */,
			);
			defaultConfigurationIsVisible = 0;
			defaultConfigurationName = Release;
		};
		1DEB928908733DD80010E9CD /* Build configuration list for PBXProject "unicodetester" */ = {
			isa = XCConfigurationList;
			buildConfigurations = (
				1DEB928A08733DD80010E9CD /* Debug */,
				1DEB928B08733DD80010E9CD /* Release */,
			);
			defaultConfigurationIsVisible = 0;
			defaultConfigurationName = Release;
		};
/* End XCConfigurationList section */
	};
	rootObject = 08FB7793FE84155DC02AAC07 /* Project object */;
}
